{
    "_meta": {
        "hash": {
            "sha256": "fd1100fc825828e38cc96116365a15b1765362e347cab0655fd8962cca80226a"
        },
        "pipfile-spec": 6,
        "requires": {
            "python_version": "3.7"
        },
        "sources": [
            {
                "name": "pypi",
                "url": "https://pypi.org/simple",
                "verify_ssl": true
            }
        ]
    },
    "default": {
        "argparse": {
            "hashes": [
                "sha256:62b089a55be1d8949cd2bc7e0df0bddb9e028faefc8c32038cc84862aefdd6e4",
                "sha256:c31647edb69fd3d465a847ea3157d37bed1f95f19760b11a47aa91c04b666314"
            ],
            "index": "pypi",
            "version": "==1.4.0"
        },
        "numpy": {
            "hashes": [
                "sha256:0df89ca13c25eaa1621a3f09af4c8ba20da849692dcae184cb55e80952c453fb",
                "sha256:154c35f195fd3e1fad2569930ca51907057ae35e03938f89a8aedae91dd1b7c7",
                "sha256:18e84323cdb8de3325e741a7a8dd4a82db74fde363dce32b625324c7b32aa6d7",
                "sha256:1e8956c37fc138d65ded2d96ab3949bd49038cc6e8a4494b1515b0ba88c91565",
                "sha256:23557bdbca3ccbde3abaa12a6e82299bc92d2b9139011f8c16ca1bb8c75d1e95",
                "sha256:24fd645a5e5d224aa6e39d93e4a722fafa9160154f296fd5ef9580191c755053",
                "sha256:36e36b6868e4440760d4b9b44587ea1dc1f06532858d10abba98e851e154ca70",
                "sha256:3d734559db35aa3697dadcea492a423118c5c55d176da2f3be9c98d4803fc2a7",
                "sha256:416a2070acf3a2b5d586f9a6507bb97e33574df5bd7508ea970bbf4fc563fa52",
                "sha256:4a22dc3f5221a644dfe4a63bf990052cc674ef12a157b1056969079985c92816",
                "sha256:4d8d3e5aa6087490912c14a3c10fbdd380b40b421c13920ff468163bc50e016f",
                "sha256:4f41fd159fba1245e1958a99d349df49c616b133636e0cf668f169bce2aeac2d",
                "sha256:561ef098c50f91fbac2cc9305b68c915e9eb915a74d9038ecf8af274d748f76f",
                "sha256:56994e14b386b5c0a9b875a76d22d707b315fa037affc7819cda08b6d0489756",
                "sha256:73a1f2a529604c50c262179fcca59c87a05ff4614fe8a15c186934d84d09d9a5",
                "sha256:7da99445fd890206bfcc7419f79871ba8e73d9d9e6b82fe09980bc5bb4efc35f",
                "sha256:99d59e0bcadac4aa3280616591fb7bcd560e2218f5e31d5223a2e12a1425d495",
                "sha256:a4cc09489843c70b22e8373ca3dfa52b3fab778b57cf81462f1203b0852e95e3",
                "sha256:a61dc29cfca9831a03442a21d4b5fd77e3067beca4b5f81f1a89a04a71cf93fa",
                "sha256:b1853df739b32fa913cc59ad9137caa9cc3d97ff871e2bbd89c2a2a1d4a69451",
                "sha256:b1f44c335532c0581b77491b7715a871d0dd72e97487ac0f57337ccf3ab3469b",
                "sha256:b261e0cb0d6faa8fd6863af26d30351fd2ffdb15b82e51e81e96b9e9e2e7ba16",
                "sha256:c857ae5dba375ea26a6228f98c195fec0898a0fd91bcf0e8a0cae6d9faf3eca7",
                "sha256:cf5bb4a7d53a71bb6a0144d31df784a973b36d8687d615ef6a7e9b1809917a9b",
                "sha256:db9814ff0457b46f2e1d494c1efa4111ca089e08c8b983635ebffb9c1573361f",
                "sha256:df04f4bad8a359daa2ff74f8108ea051670cafbca533bb2636c58b16e962989e",
                "sha256:ecf81720934a0e18526177e645cbd6a8a21bb0ddc887ff9738de07a1df5c6b61",
                "sha256:edfa6fba9157e0e3be0f40168eb142511012683ac3dc82420bee4a3f3981b30e"
            ],
            "index": "pypi",
            "version": "==1.15.4"
        },
        "opencv-contrib-python": {
            "hashes": [
                "sha256:04eced1eb41396cdd60c54c8e6153aff1fca67a6c7d038206a8878e92aa85362",
                "sha256:0f6f51c61be0cde3fa88e4e219e9c33b507de31857372e4e8809934eb14d38b3",
                "sha256:26c56b4b60279b3423356f28327d03a4675968a88bcd91df1bd4ddcfb12887f7",
                "sha256:352d73318ecee216f95cb9c52fc23fc36b950048c33df57d4840a573916ed117",
                "sha256:47f562f2d0484b2db206f0e261faa3c398805e9e9f3c4311f2a0dab9009fcee5",
                "sha256:50c539417df11961e66c4b6ba78a12ab97f3a29b6bf1fe1079e22c66882b87b3",
                "sha256:521c442916d3e8d1dcf15705aad15f044cfd012c5fd1fa8ec737db9280fe8126",
                "sha256:5bb0e0a5fd54b848ecc918b8096bc279841f0034087dd985b5a0e6b348bbcaaa",
                "sha256:6240b9f060d0d47bdd88686818b8658d49205c936644df4b6fa74c103da65076",
                "sha256:7c448e0ee0f953c27ed0b0f6271425d4fbb5d2396820e2ab825bc2a1f48e09f5",
                "sha256:893ba6a7347cca7f085924929fc2f0b6932e72470209b3ca185de4945223a917",
                "sha256:8ef658bbe73b4decf4b4afaa02ca1e966e30be15fa03a0a4cd82c11f55f422b2",
                "sha256:a5f1dffabfa9c0a7660f1ffe0ffc7efdbc06c39b0149c80ac0b266e73eff705c",
                "sha256:b2bb3b1fae9fa716ececa2e3820c52a7eac3cd1817836df16a02e12bf6cd90dd",
                "sha256:bbe998e9b5322ee7f20d5872d132cad6d77656cf96ba63644f8895ab4a2be307",
                "sha256:bf2fc2ba648f6c6047422470bc37a4f6d4efdee1fa5e38926fd30fab74359526",
                "sha256:c0666bacbab29258b4e9160499b03e8dd4afcfbe2bbdf55f1b799a795aaaf476",
                "sha256:c857478760f9651a5fe414900075eb4a687fd6d7d65b0bfe399404c5b68b6c11",
                "sha256:c9248eb525ba9ccaba2ac67d9d73141592c5066847789ce33d81d0ed56498c02",
                "sha256:d15e028aeb5e9d17282cc86b678b1d6d0dfa9c678aa467c4841a53a41284f77c",
                "sha256:d467821106b7e9870b9ff5ae376fa2bbd9d20439bbd20f33605860820eb641f3",
                "sha256:df552ca8f70b0fdba958aa9dfb3d44a67de9ff3cf923e0feafbdf0c1a2983401",
                "sha256:e195a29ae6de44aae555c24a31268258e7e82a94fa1ad2c743a58521ae31384e",
                "sha256:ec325512014a94fc9db7d5d133ac4b1c87df1881dc334baf80eba1b163f50cce",
                "sha256:f3a6cf3c75ea3966f9e85d6f2108e2c5dd2261793a5fc525b43f40f78847d2a6",
                "sha256:f73d02679c3d8cdaaa6b08ebaebd161113b306295ef278a4f65531345f1c7796",
                "sha256:fdcd259cdaf5054769dd20ba318a1862257b90cb88cfa3dee4e614ad6ebe6617"
            ],
            "index": "pypi",
            "version": "==3.4.3.18"
        },
        "opencv-python": {
            "hashes": [
                "sha256:0f2e739c582e8c5e432130648bc6d66a56bc65f4cd9ff0bc7033033d2130c7a3",
                "sha256:0f3d159ad6cb9cbd188c726f87485f0799a067a0a15f34c25d7b5c8db3cb2e50",
                "sha256:167a6aff9bd124a3a67e0ec25d0da5ecdc8d96a56405e3e5e7d586c4105eb1bb",
                "sha256:1b90d50bc7a31e9573a8da1b80fcd1e4d9c86c0e5f76387858e1b87eb8b0332b",
                "sha256:2baf1213ae2fd678991f905d7b2b94eddfdfb5f75757db0f0b31eebd48ca200d",
                "sha256:312dda54c7e809c20d7409418060ae0e9cdbe82975e7ced429eb3c234ffc0d4a",
                "sha256:32384e675f7cefe707cac40a95eeb142d6869065e39c5500374116297cd8ca6d",
                "sha256:5c50634dd8f2f866fd99fd939292ce10e52bef82804ebc4e7f915221c3b7e951",
                "sha256:6841bb9cc24751dbdf94e7eefc4e6d70ec297952501954471299fd12ab67391c",
                "sha256:68c1c846dd267cd7e293d3fc0bb238db0a744aa1f2e721e327598f00cb982098",
                "sha256:703910aaa1dcd25a412f78a190fb7a352d9a64ee7d9a35566d786f3cc66ebf20",
                "sha256:8002959146ed21959e3118c60c8e94ceac02eea15b691da6c62cff4787c63f7f",
                "sha256:889eef049d38488b5b4646c48a831feed37c0fd44f3d83c05cff80f4baded145",
                "sha256:8c76983c9ec3e4cf3a4c1d172ec4285332d9fb1c7194d724aff0c518437471ee",
                "sha256:9cd9bd72f4a9743ef6f11f0f96784bd215a542e996db1717d4c2d3d03eb81a1b",
                "sha256:a1a5517301dc8d56243a14253d231ec755b94486b4fff2ae68269bc941bb1f2e",
                "sha256:a2b08aec2eacae868723136383d9eb84a33062a7a7ec5ec3bd2c423bd1355946",
                "sha256:a8529a79233f3581a66984acd16bce52ab0163f6f77568dd69e9ee4956d2e1db",
                "sha256:afbc81a3870739610a9f9a1197374d6a45892cf1933c90fc5617d39790991ed3",
                "sha256:baeb5dd8b21c718580687f5b4efd03f8139b1c56239cdf6b9805c6946e80f268",
                "sha256:db1d49b753e6e6c76585f21d09c7e9812176732baa9bddb64bc2fc6cd24d4179",
                "sha256:e242ed419aeb2488e0f9ee6410a34917f0f8d62b3ae96aa3170d83bae75004e2",
                "sha256:e36a8857be2c849e54009f1bee25e8c34fbc683fcd38c6c700af4cba5f8d57c2",
                "sha256:e699232fd033ef0053efec2cba0a7505514f374ba7b18c732a77cb5304311ef9",
                "sha256:eae3da9231d87980f8082d181c276a04f7a6fdac130cebd467390b96dd05f944",
                "sha256:ee6814c94dbf1cae569302afef9dd29efafc52373e8770ded0db549a3b6e0c00",
                "sha256:f01a87a015227d8af407161eb48222fc3c8b01661cdc841e2b86eee4f1a7a417"
            ],
            "index": "pypi",
            "version": "==4.2.0.32"
        }
    },
    "develop": {}
}
