{
    "_meta": {
        "hash": {
            "sha256": "fd1100fc825828e38cc96116365a15b1765362e347cab0655fd8962cca80226a"
        },
        "pipfile-spec": 6,
        "requires": {
            "python_version": "3.7"
        },
        "sources": [
            {
                "name": "pypi",
                "url": "https://pypi.org/simple",
                "verify_ssl": true
            }
        ]
    },
    "default": {
        "argparse": {
            "hashes": [
                "sha256:62b089a55be1d8949cd2bc7e0df0bddb9e028faefc8c32038cc84862aefdd6e4",
                "sha256:c31647edb69fd3d465a847ea3157d37bed1f95f19760b11a47aa91c04b666314"
            ],
            "index": "pypi",
            "version": "==1.4.0"
        },
        "numpy": {
            "hashes": [
                "sha256:1a784e8ff7ea2a32e393cc53eb0003eca1597c7ca628227e34ce34eb11645a0e",
                "sha256:2ba579dde0563f47021dcd652253103d6fd66165b18011dce1a0609215b2791e",
                "sha256:3537b967b350ad17633b35c2f4b1a1bbd258c018910b518c30b48c8e41272717",
                "sha256:3c40e6b860220ed862e8097b8f81c9af6d7405b723f4a7af24a267b46f90e461",
                "sha256:598fe100b2948465cf3ed64b1a326424b5e4be2670552066e17dfaa67246011d",
                "sha256:620732f42259eb2c4642761bd324462a01cdd13dd111740ce3d344992dd8492f",
                "sha256:709884863def34d72b183d074d8ba5cfe042bc3ff8898f1ffad0209161caaa99",
                "sha256:75579acbadbf74e3afd1153da6177f846212ea2a0cc77de53523ae02c9256513",
                "sha256:7c55407f739f0bfcec67d0df49103f9333edc870061358ac8a8c9e37ea02fcd2",
                "sha256:a1f2fb2da242568af0271455b89aee0f71e4e032086ee2b4c5098945d0e11cf6",
                "sha256:a290989cd671cd0605e9c91a70e6df660f73ae87484218e8285c6522d29f6e38",
                "sha256:ac4fd578322842dbda8d968e3962e9f22e862b6ec6e3378e7415625915e2da4d",
                "sha256:ad09f55cc95ed8d80d8ab2052f78cc21cb231764de73e229140d81ff49d8145e",
                "sha256:b9205711e5440954f861ceeea8f1b415d7dd15214add2e878b4d1cf2bcb1a914",
                "sha256:bba474a87496d96e61461f7306fba2ebba127bed7836212c360f144d1e72ac54",
                "sha256:bebab3eaf0641bba26039fb0b2c5bf9b99407924b53b1ea86e03c32c64ef5aef",
                "sha256:cc367c86eb87e5b7c9592935620f22d13b090c609f1b27e49600cd033b529f54",
                "sha256:ccc6c650f8700ce1e3a77668bb7c43e45c20ac06ae00d22bdf6760b38958c883",
                "sha256:cf680682ad0a3bef56dae200dbcbac2d57294a73e5b0f9864955e7dd7c2c2491",
                "sha256:d2910d0a075caed95de1a605df00ee03b599de5419d0b95d55342e9a33ad1fb3",
                "sha256:d5caa946a9f55511e76446e170bdad1d12d6b54e17a2afe7b189112ed4412bb8",
                "sha256:d89b0dc7f005090e32bb4f9bf796e1dcca6b52243caf1803fdd2b748d8561f63",
                "sha256:d95d16204cd51ff1a1c8d5f9958ce90ae190be81d348b514f9be39f878b8044a",
                "sha256:e4d5a86a5257843a18fb1220c5f1c199532bc5d24e849ed4b0289fb59fbd4d8f",
                "sha256:e58ddb53a7b4959932f5582ac455ff90dcb05fac3f8dcc8079498d43afbbde6c",
                "sha256:e80fe25cba41c124d04c662f33f6364909b985f2eb5998aaa5ae4b9587242cce",
                "sha256:eda2829af498946c59d8585a9fd74da3f810866e05f8df03a86f70079c7531dd",
                "sha256:fd0a359c1c17f00cb37de2969984a74320970e0ceef4808c32e00773b06649d9"
            ],
            "index": "pypi",
            "version": "==1.21.0"
        },
        "opencv-contrib-python": {
            "hashes": [
                "sha256:04eced1eb41396cdd60c54c8e6153aff1fca67a6c7d038206a8878e92aa85362",
                "sha256:0f6f51c61be0cde3fa88e4e219e9c33b507de31857372e4e8809934eb14d38b3",
                "sha256:26c56b4b60279b3423356f28327d03a4675968a88bcd91df1bd4ddcfb12887f7",
                "sha256:352d73318ecee216f95cb9c52fc23fc36b950048c33df57d4840a573916ed117",
                "sha256:47f562f2d0484b2db206f0e261faa3c398805e9e9f3c4311f2a0dab9009fcee5",
                "sha256:50c539417df11961e66c4b6ba78a12ab97f3a29b6bf1fe1079e22c66882b87b3",
                "sha256:521c442916d3e8d1dcf15705aad15f044cfd012c5fd1fa8ec737db9280fe8126",
                "sha256:5bb0e0a5fd54b848ecc918b8096bc279841f0034087dd985b5a0e6b348bbcaaa",
                "sha256:6240b9f060d0d47bdd88686818b8658d49205c936644df4b6fa74c103da65076",
                "sha256:7c448e0ee0f953c27ed0b0f6271425d4fbb5d2396820e2ab825bc2a1f48e09f5",
                "sha256:893ba6a7347cca7f085924929fc2f0b6932e72470209b3ca185de4945223a917",
                "sha256:8ef658bbe73b4decf4b4afaa02ca1e966e30be15fa03a0a4cd82c11f55f422b2",
                "sha256:a5f1dffabfa9c0a7660f1ffe0ffc7efdbc06c39b0149c80ac0b266e73eff705c",
                "sha256:b2bb3b1fae9fa716ececa2e3820c52a7eac3cd1817836df16a02e12bf6cd90dd",
                "sha256:bbe998e9b5322ee7f20d5872d132cad6d77656cf96ba63644f8895ab4a2be307",
                "sha256:bf2fc2ba648f6c6047422470bc37a4f6d4efdee1fa5e38926fd30fab74359526",
                "sha256:c0666bacbab29258b4e9160499b03e8dd4afcfbe2bbdf55f1b799a795aaaf476",
                "sha256:c857478760f9651a5fe414900075eb4a687fd6d7d65b0bfe399404c5b68b6c11",
                "sha256:c9248eb525ba9ccaba2ac67d9d73141592c5066847789ce33d81d0ed56498c02",
                "sha256:d15e028aeb5e9d17282cc86b678b1d6d0dfa9c678aa467c4841a53a41284f77c",
                "sha256:d467821106b7e9870b9ff5ae376fa2bbd9d20439bbd20f33605860820eb641f3",
                "sha256:df552ca8f70b0fdba958aa9dfb3d44a67de9ff3cf923e0feafbdf0c1a2983401",
                "sha256:e195a29ae6de44aae555c24a31268258e7e82a94fa1ad2c743a58521ae31384e",
                "sha256:ec325512014a94fc9db7d5d133ac4b1c87df1881dc334baf80eba1b163f50cce",
                "sha256:f3a6cf3c75ea3966f9e85d6f2108e2c5dd2261793a5fc525b43f40f78847d2a6",
                "sha256:f73d02679c3d8cdaaa6b08ebaebd161113b306295ef278a4f65531345f1c7796",
                "sha256:fdcd259cdaf5054769dd20ba318a1862257b90cb88cfa3dee4e614ad6ebe6617"
            ],
            "index": "pypi",
            "version": "==3.4.3.18"
        },
        "opencv-python": {
            "hashes": [
                "sha256:03d4b5ebc2414965a51ff937e2bebfb14a046e5653443f2f1620e76cfa1834a3",
                "sha256:1c45c5dd335faab7c8f84d45fe35c43c17f67237b067fb4e570cc858c904cf17",
                "sha256:1d433cc5c0ddb679fdd92e5c510487476894496c4cf8a565882d7455df29d658",
                "sha256:1d860995d4510c86c5e9ee2c9b2026cf8681c52e0b7bbbcf3eb91030e320c0a3",
                "sha256:1de2ffdb04c3a5161f6a9a6adc6a63d5e3bd22bfc661e4631bbc9dc780471002",
                "sha256:2f38155daad6a2f8a9f33fbfa2ac683a8eaf20cb24e0723dacc9cef7ed6d3420",
                "sha256:496a3b7228fc8c3f6fc1f5dc71ca61e0a5168caa270e475d23901e81754626d6",
                "sha256:514d88f34512df951b66b42d29a513e3f1878bd28afd1b8645db6afba5eb1996",
                "sha256:5880eba246498d999cf4adec24521ad169f9c547a2a5ecbcda5b44fab5511a62",
                "sha256:5916a130912519aaa77b70486eb57ae53cb181cbc9a09abb0a12f97a55c9bbb1",
                "sha256:63593ef7f11e97b65a368f45ec6c565d1b3ff1b5600df233b8e56eed1384017d",
                "sha256:699c0f9648f7d694b7a17eff241b0de93083901993bb4754fab3af3531d0450a",
                "sha256:7b84a069da8a826d5de0950227726e8d9dbeaa19628c039ae7a0e195ebb33231",
                "sha256:86d2e8f003b0106e44d564230ecae1ee98f5020f4136821dfeeadfb688a21fc5",
                "sha256:9d8da6fec400d764fd6c220be9bf14d4efc725880ea453338c2ef89759086ee2",
                "sha256:a2803dc25288523c7a777c4e299075cf4e1bf608259c24bdbbfdd3b5901e93cb",
                "sha256:a4e7850ba96985ace46233779c719354b1d0885e2163aebb574c18193c1fb496",
                "sha256:c3a8b33be85bf60d7a75d6ddaf118bc51475ced656a2b289b3eaf07ce02ed0f2",
                "sha256:c4665715a1e04acd65554e60e92e5927d35db3cb9dc0d2c318fd75d94a7faa39",
                "sha256:cd9cacf436350c2713069125dd6d8e839ada8ac8009d8f91b791f3119cd7f55c",
                "sha256:ce1bb1d392f1eb454fa5ad48034cecd000d77c5c7cafb9d7fb9e5e4b609d072e",
                "sha256:d0b55ffc95a5b82488cc8e87821b6a69c107e0d048c0149a1532792783a8c056",
                "sha256:d9e05843f06b324fceb717bb2d9ab388099e784fadf0c4424e446e4166c4a2ff",
                "sha256:dad5f1d54395a0bd997dc61f51a037ee65055e90a0af6a0604264cfdebd7dbc4",
                "sha256:e1a4e2cce210577dc37b2464978735c9e6400854e0b47e0bdfe708e40a8455a8",
                "sha256:f67b7952ce6d6947dcd486000da4fee101e31d9b9980ecb0c03378ffe995c10d",
                "sha256:fe5e21e60a95cf46917beab04baf43a747272acfe3bbb65aa224b930b6e1bcc0"
            ],
            "index": "pypi",
            "version": "==3.4.3.18"
        }
    },
    "develop": {}
}
